
Microsoft Visual Studio Solution File, Format Version 12.00
# Visual Studio Version 17
VisualStudioVersion = 17.9.34714.143
MinimumVisualStudioVersion = 10.0.40219.1
Project("{FAE04EC0-301F-11D3-BF4B-00C04F79EFBC}") = "Diplom", "Diplom\Diplom.csproj", "{D96E5C40-80F9-401E-B517-58A580779258}"
EndProject
Global
	GlobalSection(SolutionConfigurationPlatforms) = preSolution
		Debug|Any CPU = Debug|Any CPU
		Release|Any CPU = Release|Any CPU
	EndGlobalSection
	GlobalSection(ProjectConfigurationPlatforms) = postSolution
		{D96E5C40-80F9-401E-B517-58A580779258}.Debug|Any CPU.ActiveCfg = Debug|Any CPU
		{D96E5C40-80F9-401E-B517-58A580779258}.Debug|Any CPU.Build.0 = Debug|Any CPU
		{D96E5C40-80F9-401E-B517-58A580779258}.Release|Any CPU.ActiveCfg = Release|Any CPU
		{D96E5C40-80F9-401E-B517-58A580779258}.Release|Any CPU.Build.0 = Release|Any CPU
	EndGlobalSection
	GlobalSection(SolutionProperties) = preSolution
		HideSolutionNode = FALSE
	EndGlobalSection
	GlobalSection(ExtensibilityGlobals) = postSolution
		SolutionGuid = {0D355CFC-35BA-466E-A1C0-43765BD09572}
	EndGlobalSection
EndGlobal
